
Microsoft Visual Studio Solution File, Format Version 12.00
# Visual Studio Version 17
VisualStudioVersion = 17.5.33414.496
MinimumVisualStudioVersion = 10.0.40219.1
Project("{FAE04EC0-301F-11D3-BF4B-00C04F79EFBC}") = "Recursividad", "Recursividad\Recursividad.csproj", "{B0B07FAB-2ECC-4516-ABB8-7DBEC3678FCD}"
EndProject
Global
	GlobalSection(SolutionConfigurationPlatforms) = preSolution
		Debug|Any CPU = Debug|Any CPU
		Release|Any CPU = Release|Any CPU
	EndGlobalSection
	GlobalSection(ProjectConfigurationPlatforms) = postSolution
		{B0B07FAB-2ECC-4516-ABB8-7DBEC3678FCD}.Debug|Any CPU.ActiveCfg = Debug|Any CPU
		{B0B07FAB-2ECC-4516-ABB8-7DBEC3678FCD}.Debug|Any CPU.Build.0 = Debug|Any CPU
		{B0B07FAB-2ECC-4516-ABB8-7DBEC3678FCD}.Release|Any CPU.ActiveCfg = Release|Any CPU
		{B0B07FAB-2ECC-4516-ABB8-7DBEC3678FCD}.Release|Any CPU.Build.0 = Release|Any CPU
	EndGlobalSection
	GlobalSection(SolutionProperties) = preSolution
		HideSolutionNode = FALSE
	EndGlobalSection
	GlobalSection(ExtensibilityGlobals) = postSolution
		SolutionGuid = {B88D6EAE-82A8-4213-9351-48049A04A50D}
	EndGlobalSection
EndGlobal
