
Microsoft Visual Studio Solution File, Format Version 12.00
# Visual Studio Version 17
VisualStudioVersion = 17.9.34622.214
MinimumVisualStudioVersion = 10.0.40219.1
Project("{FAE04EC0-301F-11D3-BF4B-00C04F79EFBC}") = "Recursivitat", "Recursivitat.csproj", "{D15B7B45-16F7-48C2-9DB3-7FB2453D0B32}"
EndProject
Global
	GlobalSection(SolutionConfigurationPlatforms) = preSolution
		Debug|Any CPU = Debug|Any CPU
		Release|Any CPU = Release|Any CPU
	EndGlobalSection
	GlobalSection(ProjectConfigurationPlatforms) = postSolution
		{D15B7B45-16F7-48C2-9DB3-7FB2453D0B32}.Debug|Any CPU.ActiveCfg = Debug|Any CPU
		{D15B7B45-16F7-48C2-9DB3-7FB2453D0B32}.Debug|Any CPU.Build.0 = Debug|Any CPU
		{D15B7B45-16F7-48C2-9DB3-7FB2453D0B32}.Release|Any CPU.ActiveCfg = Release|Any CPU
		{D15B7B45-16F7-48C2-9DB3-7FB2453D0B32}.Release|Any CPU.Build.0 = Release|Any CPU
	EndGlobalSection
	GlobalSection(SolutionProperties) = preSolution
		HideSolutionNode = FALSE
	EndGlobalSection
	GlobalSection(ExtensibilityGlobals) = postSolution
		SolutionGuid = {C940CC9E-14EC-4570-A4FF-468383950F80}
	EndGlobalSection
EndGlobal
