
Microsoft Visual Studio Solution File, Format Version 12.00
# Visual Studio Version 17
VisualStudioVersion = 17.9.34622.214
MinimumVisualStudioVersion = 10.0.40219.1
Project("{FAE04EC0-301F-11D3-BF4B-00C04F79EFBC}") = "CuaEstatica", "CuaEstatica.csproj", "{707C3F6D-A955-4B2E-9FB0-6CB348AEB857}"
EndProject
Global
	GlobalSection(SolutionConfigurationPlatforms) = preSolution
		Debug|Any CPU = Debug|Any CPU
		Release|Any CPU = Release|Any CPU
	EndGlobalSection
	GlobalSection(ProjectConfigurationPlatforms) = postSolution
		{707C3F6D-A955-4B2E-9FB0-6CB348AEB857}.Debug|Any CPU.ActiveCfg = Debug|Any CPU
		{707C3F6D-A955-4B2E-9FB0-6CB348AEB857}.Debug|Any CPU.Build.0 = Debug|Any CPU
		{707C3F6D-A955-4B2E-9FB0-6CB348AEB857}.Release|Any CPU.ActiveCfg = Release|Any CPU
		{707C3F6D-A955-4B2E-9FB0-6CB348AEB857}.Release|Any CPU.Build.0 = Release|Any CPU
	EndGlobalSection
	GlobalSection(SolutionProperties) = preSolution
		HideSolutionNode = FALSE
	EndGlobalSection
	GlobalSection(ExtensibilityGlobals) = postSolution
		SolutionGuid = {C299B279-C147-4043-806B-703F492D70E2}
	EndGlobalSection
EndGlobal
