
Microsoft Visual Studio Solution File, Format Version 12.00
# Visual Studio Version 17
VisualStudioVersion = 17.5.33424.131
MinimumVisualStudioVersion = 10.0.40219.1
Project("{FAE04EC0-301F-11D3-BF4B-00C04F79EFBC}") = "StarterTeclatMouseControlsDinàmics", "StarterTeclatMouseControlsDinàmics\StarterTeclatMouseControlsDinàmics.csproj", "{67B3C265-480E-4FB9-B5CD-E09618738EFF}"
EndProject
Global
	GlobalSection(SolutionConfigurationPlatforms) = preSolution
		Debug|Any CPU = Debug|Any CPU
		Release|Any CPU = Release|Any CPU
	EndGlobalSection
	GlobalSection(ProjectConfigurationPlatforms) = postSolution
		{67B3C265-480E-4FB9-B5CD-E09618738EFF}.Debug|Any CPU.ActiveCfg = Debug|Any CPU
		{67B3C265-480E-4FB9-B5CD-E09618738EFF}.Debug|Any CPU.Build.0 = Debug|Any CPU
		{67B3C265-480E-4FB9-B5CD-E09618738EFF}.Release|Any CPU.ActiveCfg = Release|Any CPU
		{67B3C265-480E-4FB9-B5CD-E09618738EFF}.Release|Any CPU.Build.0 = Release|Any CPU
	EndGlobalSection
	GlobalSection(SolutionProperties) = preSolution
		HideSolutionNode = FALSE
	EndGlobalSection
	GlobalSection(ExtensibilityGlobals) = postSolution
		SolutionGuid = {0F451C1D-FA0C-46D1-A7BF-0475F00669DF}
	EndGlobalSection
EndGlobal
