
Microsoft Visual Studio Solution File, Format Version 12.00
# Visual Studio Version 17
VisualStudioVersion = 17.9.34622.214
MinimumVisualStudioVersion = 10.0.40219.1
Project("{FAE04EC0-301F-11D3-BF4B-00C04F79EFBC}") = "Interficies", "Interficies.csproj", "{2F26D336-DA2D-4D94-B318-F86CDC3D35C8}"
EndProject
Global
	GlobalSection(SolutionConfigurationPlatforms) = preSolution
		Debug|Any CPU = Debug|Any CPU
		Release|Any CPU = Release|Any CPU
	EndGlobalSection
	GlobalSection(ProjectConfigurationPlatforms) = postSolution
		{2F26D336-DA2D-4D94-B318-F86CDC3D35C8}.Debug|Any CPU.ActiveCfg = Debug|Any CPU
		{2F26D336-DA2D-4D94-B318-F86CDC3D35C8}.Debug|Any CPU.Build.0 = Debug|Any CPU
		{2F26D336-DA2D-4D94-B318-F86CDC3D35C8}.Release|Any CPU.ActiveCfg = Release|Any CPU
		{2F26D336-DA2D-4D94-B318-F86CDC3D35C8}.Release|Any CPU.Build.0 = Release|Any CPU
	EndGlobalSection
	GlobalSection(SolutionProperties) = preSolution
		HideSolutionNode = FALSE
	EndGlobalSection
	GlobalSection(ExtensibilityGlobals) = postSolution
		SolutionGuid = {CF584A32-E7C7-4920-84CC-30F12E86A1BD}
	EndGlobalSection
EndGlobal
