
Microsoft Visual Studio Solution File, Format Version 12.00
# Visual Studio Version 17
VisualStudioVersion = 17.7.34031.279
MinimumVisualStudioVersion = 10.0.40219.1
Project("{FAE04EC0-301F-11D3-BF4B-00C04F79EFBC}") = "hash", "hash\hash.csproj", "{EFE4D1A4-E746-4C60-A279-E52832AFC1E5}"
EndProject
Global
	GlobalSection(SolutionConfigurationPlatforms) = preSolution
		Debug|Any CPU = Debug|Any CPU
		Release|Any CPU = Release|Any CPU
	EndGlobalSection
	GlobalSection(ProjectConfigurationPlatforms) = postSolution
		{EFE4D1A4-E746-4C60-A279-E52832AFC1E5}.Debug|Any CPU.ActiveCfg = Debug|Any CPU
		{EFE4D1A4-E746-4C60-A279-E52832AFC1E5}.Debug|Any CPU.Build.0 = Debug|Any CPU
		{EFE4D1A4-E746-4C60-A279-E52832AFC1E5}.Release|Any CPU.ActiveCfg = Release|Any CPU
		{EFE4D1A4-E746-4C60-A279-E52832AFC1E5}.Release|Any CPU.Build.0 = Release|Any CPU
	EndGlobalSection
	GlobalSection(SolutionProperties) = preSolution
		HideSolutionNode = FALSE
	EndGlobalSection
	GlobalSection(ExtensibilityGlobals) = postSolution
		SolutionGuid = {E259B5DE-EB4E-4C90-B9B4-FE4A4D9C5101}
	EndGlobalSection
EndGlobal
