
Microsoft Visual Studio Solution File, Format Version 12.00
# Visual Studio Version 17
VisualStudioVersion = 17.9.34622.214
MinimumVisualStudioVersion = 10.0.40219.1
Project("{FAE04EC0-301F-11D3-BF4B-00C04F79EFBC}") = "A2Vehicles", "A2Vehicles.csproj", "{90A8F289-86D4-41E9-8A3B-D0DAE6DEE96E}"
EndProject
Global
	GlobalSection(SolutionConfigurationPlatforms) = preSolution
		Debug|Any CPU = Debug|Any CPU
		Release|Any CPU = Release|Any CPU
	EndGlobalSection
	GlobalSection(ProjectConfigurationPlatforms) = postSolution
		{90A8F289-86D4-41E9-8A3B-D0DAE6DEE96E}.Debug|Any CPU.ActiveCfg = Debug|Any CPU
		{90A8F289-86D4-41E9-8A3B-D0DAE6DEE96E}.Debug|Any CPU.Build.0 = Debug|Any CPU
		{90A8F289-86D4-41E9-8A3B-D0DAE6DEE96E}.Release|Any CPU.ActiveCfg = Release|Any CPU
		{90A8F289-86D4-41E9-8A3B-D0DAE6DEE96E}.Release|Any CPU.Build.0 = Release|Any CPU
	EndGlobalSection
	GlobalSection(SolutionProperties) = preSolution
		HideSolutionNode = FALSE
	EndGlobalSection
	GlobalSection(ExtensibilityGlobals) = postSolution
		SolutionGuid = {0634FB1E-B0BA-4802-A99D-A46B47BB7CBF}
	EndGlobalSection
EndGlobal
