
Microsoft Visual Studio Solution File, Format Version 12.00
# Visual Studio Version 17
VisualStudioVersion = 17.7.34031.279
MinimumVisualStudioVersion = 10.0.40219.1
Project("{FAE04EC0-301F-11D3-BF4B-00C04F79EFBC}") = "ex1", "ex1\ex1.csproj", "{BEFF71A8-2510-49AF-9F3A-A66833BFEB15}"
EndProject
Global
	GlobalSection(SolutionConfigurationPlatforms) = preSolution
		Debug|Any CPU = Debug|Any CPU
		Release|Any CPU = Release|Any CPU
	EndGlobalSection
	GlobalSection(ProjectConfigurationPlatforms) = postSolution
		{BEFF71A8-2510-49AF-9F3A-A66833BFEB15}.Debug|Any CPU.ActiveCfg = Debug|Any CPU
		{BEFF71A8-2510-49AF-9F3A-A66833BFEB15}.Debug|Any CPU.Build.0 = Debug|Any CPU
		{BEFF71A8-2510-49AF-9F3A-A66833BFEB15}.Release|Any CPU.ActiveCfg = Release|Any CPU
		{BEFF71A8-2510-49AF-9F3A-A66833BFEB15}.Release|Any CPU.Build.0 = Release|Any CPU
	EndGlobalSection
	GlobalSection(SolutionProperties) = preSolution
		HideSolutionNode = FALSE
	EndGlobalSection
	GlobalSection(ExtensibilityGlobals) = postSolution
		SolutionGuid = {424A15F5-04E6-477F-A583-3B46F1A2A050}
	EndGlobalSection
EndGlobal
