
Microsoft Visual Studio Solution File, Format Version 12.00
# Visual Studio Version 17
VisualStudioVersion = 17.9.34723.18
MinimumVisualStudioVersion = 10.0.40219.1
Project("{FAE04EC0-301F-11D3-BF4B-00C04F79EFBC}") = "A3", "A3\A3.csproj", "{584003A8-6748-4AF2-B42F-FCBA3CCAC518}"
EndProject
Global
	GlobalSection(SolutionConfigurationPlatforms) = preSolution
		Debug|Any CPU = Debug|Any CPU
		Release|Any CPU = Release|Any CPU
	EndGlobalSection
	GlobalSection(ProjectConfigurationPlatforms) = postSolution
		{584003A8-6748-4AF2-B42F-FCBA3CCAC518}.Debug|Any CPU.ActiveCfg = Debug|Any CPU
		{584003A8-6748-4AF2-B42F-FCBA3CCAC518}.Debug|Any CPU.Build.0 = Debug|Any CPU
		{584003A8-6748-4AF2-B42F-FCBA3CCAC518}.Release|Any CPU.ActiveCfg = Release|Any CPU
		{584003A8-6748-4AF2-B42F-FCBA3CCAC518}.Release|Any CPU.Build.0 = Release|Any CPU
	EndGlobalSection
	GlobalSection(SolutionProperties) = preSolution
		HideSolutionNode = FALSE
	EndGlobalSection
	GlobalSection(ExtensibilityGlobals) = postSolution
		SolutionGuid = {B954A971-5F09-4DDD-B2FC-EB9B7B906843}
	EndGlobalSection
EndGlobal
