
Microsoft Visual Studio Solution File, Format Version 12.00
# Visual Studio Version 17
VisualStudioVersion = 17.9.34622.214
MinimumVisualStudioVersion = 10.0.40219.1
Project("{FAE04EC0-301F-11D3-BF4B-00C04F79EFBC}") = "TemaDeInternet", "TemaDeInternet.csproj", "{EBAAD4FC-422B-4B6D-8CC0-A8C485779F81}"
EndProject
Global
	GlobalSection(SolutionConfigurationPlatforms) = preSolution
		Debug|Any CPU = Debug|Any CPU
		Release|Any CPU = Release|Any CPU
	EndGlobalSection
	GlobalSection(ProjectConfigurationPlatforms) = postSolution
		{EBAAD4FC-422B-4B6D-8CC0-A8C485779F81}.Debug|Any CPU.ActiveCfg = Debug|Any CPU
		{EBAAD4FC-422B-4B6D-8CC0-A8C485779F81}.Debug|Any CPU.Build.0 = Debug|Any CPU
		{EBAAD4FC-422B-4B6D-8CC0-A8C485779F81}.Release|Any CPU.ActiveCfg = Release|Any CPU
		{EBAAD4FC-422B-4B6D-8CC0-A8C485779F81}.Release|Any CPU.Build.0 = Release|Any CPU
	EndGlobalSection
	GlobalSection(SolutionProperties) = preSolution
		HideSolutionNode = FALSE
	EndGlobalSection
	GlobalSection(ExtensibilityGlobals) = postSolution
		SolutionGuid = {0C7EAE05-B338-4913-A315-26C85E2C10C8}
	EndGlobalSection
EndGlobal
