
Microsoft Visual Studio Solution File, Format Version 12.00
# Visual Studio Version 17
VisualStudioVersion = 17.7.34031.279
MinimumVisualStudioVersion = 10.0.40219.1
Project("{FAE04EC0-301F-11D3-BF4B-00C04F79EFBC}") = "MenuChachi", "MenuChachi\MenuChachi.csproj", "{EDBB2841-E373-4308-BDB4-AC9CDF4DCA33}"
EndProject
Global
	GlobalSection(SolutionConfigurationPlatforms) = preSolution
		Debug|Any CPU = Debug|Any CPU
		Release|Any CPU = Release|Any CPU
	EndGlobalSection
	GlobalSection(ProjectConfigurationPlatforms) = postSolution
		{EDBB2841-E373-4308-BDB4-AC9CDF4DCA33}.Debug|Any CPU.ActiveCfg = Debug|Any CPU
		{EDBB2841-E373-4308-BDB4-AC9CDF4DCA33}.Debug|Any CPU.Build.0 = Debug|Any CPU
		{EDBB2841-E373-4308-BDB4-AC9CDF4DCA33}.Release|Any CPU.ActiveCfg = Release|Any CPU
		{EDBB2841-E373-4308-BDB4-AC9CDF4DCA33}.Release|Any CPU.Build.0 = Release|Any CPU
	EndGlobalSection
	GlobalSection(SolutionProperties) = preSolution
		HideSolutionNode = FALSE
	EndGlobalSection
	GlobalSection(ExtensibilityGlobals) = postSolution
		SolutionGuid = {53B5990F-EF64-457A-94F5-DF1603D948C4}
	EndGlobalSection
EndGlobal
