
Microsoft Visual Studio Solution File, Format Version 12.00
# Visual Studio Version 17
VisualStudioVersion = 17.7.34031.279
MinimumVisualStudioVersion = 10.0.40219.1
Project("{FAE04EC0-301F-11D3-BF4B-00C04F79EFBC}") = "Ex1", "Ex1\Ex1.csproj", "{12EAE705-BD86-4154-A36E-EFA7A6EE9C8B}"
EndProject
Project("{FAE04EC0-301F-11D3-BF4B-00C04F79EFBC}") = "Ex2", "Ex2\Ex2.csproj", "{87E95B85-515A-4747-9E41-2AA9FC2FAF01}"
EndProject
Project("{FAE04EC0-301F-11D3-BF4B-00C04F79EFBC}") = "ex3", "ex3\ex3.csproj", "{3B57E132-6F38-48E0-A1B4-3ECE4D82AF38}"
EndProject
Global
	GlobalSection(SolutionConfigurationPlatforms) = preSolution
		Debug|Any CPU = Debug|Any CPU
		Release|Any CPU = Release|Any CPU
	EndGlobalSection
	GlobalSection(ProjectConfigurationPlatforms) = postSolution
		{12EAE705-BD86-4154-A36E-EFA7A6EE9C8B}.Debug|Any CPU.ActiveCfg = Debug|Any CPU
		{12EAE705-BD86-4154-A36E-EFA7A6EE9C8B}.Debug|Any CPU.Build.0 = Debug|Any CPU
		{12EAE705-BD86-4154-A36E-EFA7A6EE9C8B}.Release|Any CPU.ActiveCfg = Release|Any CPU
		{12EAE705-BD86-4154-A36E-EFA7A6EE9C8B}.Release|Any CPU.Build.0 = Release|Any CPU
		{87E95B85-515A-4747-9E41-2AA9FC2FAF01}.Debug|Any CPU.ActiveCfg = Debug|Any CPU
		{87E95B85-515A-4747-9E41-2AA9FC2FAF01}.Debug|Any CPU.Build.0 = Debug|Any CPU
		{87E95B85-515A-4747-9E41-2AA9FC2FAF01}.Release|Any CPU.ActiveCfg = Release|Any CPU
		{87E95B85-515A-4747-9E41-2AA9FC2FAF01}.Release|Any CPU.Build.0 = Release|Any CPU
		{3B57E132-6F38-48E0-A1B4-3ECE4D82AF38}.Debug|Any CPU.ActiveCfg = Debug|Any CPU
		{3B57E132-6F38-48E0-A1B4-3ECE4D82AF38}.Debug|Any CPU.Build.0 = Debug|Any CPU
		{3B57E132-6F38-48E0-A1B4-3ECE4D82AF38}.Release|Any CPU.ActiveCfg = Release|Any CPU
		{3B57E132-6F38-48E0-A1B4-3ECE4D82AF38}.Release|Any CPU.Build.0 = Release|Any CPU
	EndGlobalSection
	GlobalSection(SolutionProperties) = preSolution
		HideSolutionNode = FALSE
	EndGlobalSection
	GlobalSection(ExtensibilityGlobals) = postSolution
		SolutionGuid = {18BE98FD-BCF5-460E-BFDD-CAB823E9FA06}
	EndGlobalSection
EndGlobal
