
Microsoft Visual Studio Solution File, Format Version 12.00
# Visual Studio Version 17
VisualStudioVersion = 17.9.34723.18
MinimumVisualStudioVersion = 10.0.40219.1
Project("{FAE04EC0-301F-11D3-BF4B-00C04F79EFBC}") = "demoestils4", "demoestils4\demoestils4.csproj", "{5B314BF1-BAA5-487E-8183-239552932F9B}"
EndProject
Global
	GlobalSection(SolutionConfigurationPlatforms) = preSolution
		Debug|Any CPU = Debug|Any CPU
		Release|Any CPU = Release|Any CPU
	EndGlobalSection
	GlobalSection(ProjectConfigurationPlatforms) = postSolution
		{5B314BF1-BAA5-487E-8183-239552932F9B}.Debug|Any CPU.ActiveCfg = Debug|Any CPU
		{5B314BF1-BAA5-487E-8183-239552932F9B}.Debug|Any CPU.Build.0 = Debug|Any CPU
		{5B314BF1-BAA5-487E-8183-239552932F9B}.Release|Any CPU.ActiveCfg = Release|Any CPU
		{5B314BF1-BAA5-487E-8183-239552932F9B}.Release|Any CPU.Build.0 = Release|Any CPU
	EndGlobalSection
	GlobalSection(SolutionProperties) = preSolution
		HideSolutionNode = FALSE
	EndGlobalSection
	GlobalSection(ExtensibilityGlobals) = postSolution
		SolutionGuid = {57C6C8E2-D064-4799-BD7E-6C004C3E5352}
	EndGlobalSection
EndGlobal
