
Microsoft Visual Studio Solution File, Format Version 12.00
# Visual Studio Version 17
VisualStudioVersion = 17.7.34031.279
MinimumVisualStudioVersion = 10.0.40219.1
Project("{9A19103F-16F7-4668-BE54-9A1E7A4F7556}") = "ex1", "ex1\ex1.csproj", "{D4A33AF7-9E46-41DC-87F5-109C49A4AF5D}"
EndProject
Project("{FAE04EC0-301F-11D3-BF4B-00C04F79EFBC}") = "ex1be", "ex1be\ex1be.csproj", "{8F212616-A270-4A83-B14D-054F7B164120}"
EndProject
Global
	GlobalSection(SolutionConfigurationPlatforms) = preSolution
		Debug|Any CPU = Debug|Any CPU
		Release|Any CPU = Release|Any CPU
	EndGlobalSection
	GlobalSection(ProjectConfigurationPlatforms) = postSolution
		{D4A33AF7-9E46-41DC-87F5-109C49A4AF5D}.Debug|Any CPU.ActiveCfg = Debug|Any CPU
		{D4A33AF7-9E46-41DC-87F5-109C49A4AF5D}.Debug|Any CPU.Build.0 = Debug|Any CPU
		{D4A33AF7-9E46-41DC-87F5-109C49A4AF5D}.Release|Any CPU.ActiveCfg = Release|Any CPU
		{D4A33AF7-9E46-41DC-87F5-109C49A4AF5D}.Release|Any CPU.Build.0 = Release|Any CPU
		{8F212616-A270-4A83-B14D-054F7B164120}.Debug|Any CPU.ActiveCfg = Debug|Any CPU
		{8F212616-A270-4A83-B14D-054F7B164120}.Debug|Any CPU.Build.0 = Debug|Any CPU
		{8F212616-A270-4A83-B14D-054F7B164120}.Release|Any CPU.ActiveCfg = Release|Any CPU
		{8F212616-A270-4A83-B14D-054F7B164120}.Release|Any CPU.Build.0 = Release|Any CPU
	EndGlobalSection
	GlobalSection(SolutionProperties) = preSolution
		HideSolutionNode = FALSE
	EndGlobalSection
	GlobalSection(ExtensibilityGlobals) = postSolution
		SolutionGuid = {6916FA8E-E3A5-4052-A23B-D432D14C3110}
	EndGlobalSection
EndGlobal
