
Microsoft Visual Studio Solution File, Format Version 12.00
# Visual Studio Version 17
VisualStudioVersion = 17.7.34031.279
MinimumVisualStudioVersion = 10.0.40219.1
Project("{9A19103F-16F7-4668-BE54-9A1E7A4F7556}") = "ex1", "ex1\ex1.csproj", "{D4A33AF7-9E46-41DC-87F5-109C49A4AF5D}"
EndProject
Project("{9A19103F-16F7-4668-BE54-9A1E7A4F7556}") = "ex1be", "ex1be\ex1be.csproj", "{8F212616-A270-4A83-B14D-054F7B164120}"
EndProject
Project("{FAE04EC0-301F-11D3-BF4B-00C04F79EFBC}") = "ex3", "ex3\ex3.csproj", "{1D71C99C-4411-4C8E-80CB-33D7B3EE10A7}"
EndProject
Project("{FAE04EC0-301F-11D3-BF4B-00C04F79EFBC}") = "ex4", "ex4\ex4.csproj", "{977316D8-6184-4F03-AA98-6AD9B1FD6477}"
EndProject
Project("{FAE04EC0-301F-11D3-BF4B-00C04F79EFBC}") = "ex5", "ex5\ex5.csproj", "{0F7626EA-2E68-49CC-BA9A-27DB4C4BCA94}"
EndProject
Project("{FAE04EC0-301F-11D3-BF4B-00C04F79EFBC}") = "ex7", "ex7\ex7.csproj", "{3C658F92-068C-426E-AC63-0E50A1495449}"
EndProject
Project("{FAE04EC0-301F-11D3-BF4B-00C04F79EFBC}") = "ex8", "ex8\ex8.csproj", "{233D1C77-9BBC-4A62-8FA8-B3910F0F2E66}"
EndProject
Project("{FAE04EC0-301F-11D3-BF4B-00C04F79EFBC}") = "ex9", "ex9\ex9.csproj", "{050CA9F5-6FD9-49E5-AE6B-248F8BC094FC}"
EndProject
Project("{FAE04EC0-301F-11D3-BF4B-00C04F79EFBC}") = "ex12", "ex12\ex12.csproj", "{FA7F8B6A-3BA9-4744-9B12-24CC7F53723B}"
EndProject
Global
	GlobalSection(SolutionConfigurationPlatforms) = preSolution
		Debug|Any CPU = Debug|Any CPU
		Release|Any CPU = Release|Any CPU
	EndGlobalSection
	GlobalSection(ProjectConfigurationPlatforms) = postSolution
		{D4A33AF7-9E46-41DC-87F5-109C49A4AF5D}.Debug|Any CPU.ActiveCfg = Debug|Any CPU
		{D4A33AF7-9E46-41DC-87F5-109C49A4AF5D}.Debug|Any CPU.Build.0 = Debug|Any CPU
		{D4A33AF7-9E46-41DC-87F5-109C49A4AF5D}.Release|Any CPU.ActiveCfg = Release|Any CPU
		{D4A33AF7-9E46-41DC-87F5-109C49A4AF5D}.Release|Any CPU.Build.0 = Release|Any CPU
		{8F212616-A270-4A83-B14D-054F7B164120}.Debug|Any CPU.ActiveCfg = Debug|Any CPU
		{8F212616-A270-4A83-B14D-054F7B164120}.Debug|Any CPU.Build.0 = Debug|Any CPU
		{8F212616-A270-4A83-B14D-054F7B164120}.Release|Any CPU.ActiveCfg = Release|Any CPU
		{8F212616-A270-4A83-B14D-054F7B164120}.Release|Any CPU.Build.0 = Release|Any CPU
		{1D71C99C-4411-4C8E-80CB-33D7B3EE10A7}.Debug|Any CPU.ActiveCfg = Debug|Any CPU
		{1D71C99C-4411-4C8E-80CB-33D7B3EE10A7}.Debug|Any CPU.Build.0 = Debug|Any CPU
		{1D71C99C-4411-4C8E-80CB-33D7B3EE10A7}.Release|Any CPU.ActiveCfg = Release|Any CPU
		{1D71C99C-4411-4C8E-80CB-33D7B3EE10A7}.Release|Any CPU.Build.0 = Release|Any CPU
		{977316D8-6184-4F03-AA98-6AD9B1FD6477}.Debug|Any CPU.ActiveCfg = Debug|Any CPU
		{977316D8-6184-4F03-AA98-6AD9B1FD6477}.Debug|Any CPU.Build.0 = Debug|Any CPU
		{977316D8-6184-4F03-AA98-6AD9B1FD6477}.Release|Any CPU.ActiveCfg = Release|Any CPU
		{977316D8-6184-4F03-AA98-6AD9B1FD6477}.Release|Any CPU.Build.0 = Release|Any CPU
		{0F7626EA-2E68-49CC-BA9A-27DB4C4BCA94}.Debug|Any CPU.ActiveCfg = Debug|Any CPU
		{0F7626EA-2E68-49CC-BA9A-27DB4C4BCA94}.Debug|Any CPU.Build.0 = Debug|Any CPU
		{0F7626EA-2E68-49CC-BA9A-27DB4C4BCA94}.Release|Any CPU.ActiveCfg = Release|Any CPU
		{0F7626EA-2E68-49CC-BA9A-27DB4C4BCA94}.Release|Any CPU.Build.0 = Release|Any CPU
		{3C658F92-068C-426E-AC63-0E50A1495449}.Debug|Any CPU.ActiveCfg = Debug|Any CPU
		{3C658F92-068C-426E-AC63-0E50A1495449}.Debug|Any CPU.Build.0 = Debug|Any CPU
		{3C658F92-068C-426E-AC63-0E50A1495449}.Release|Any CPU.ActiveCfg = Release|Any CPU
		{3C658F92-068C-426E-AC63-0E50A1495449}.Release|Any CPU.Build.0 = Release|Any CPU
		{233D1C77-9BBC-4A62-8FA8-B3910F0F2E66}.Debug|Any CPU.ActiveCfg = Debug|Any CPU
		{233D1C77-9BBC-4A62-8FA8-B3910F0F2E66}.Debug|Any CPU.Build.0 = Debug|Any CPU
		{233D1C77-9BBC-4A62-8FA8-B3910F0F2E66}.Release|Any CPU.ActiveCfg = Release|Any CPU
		{233D1C77-9BBC-4A62-8FA8-B3910F0F2E66}.Release|Any CPU.Build.0 = Release|Any CPU
		{050CA9F5-6FD9-49E5-AE6B-248F8BC094FC}.Debug|Any CPU.ActiveCfg = Debug|Any CPU
		{050CA9F5-6FD9-49E5-AE6B-248F8BC094FC}.Debug|Any CPU.Build.0 = Debug|Any CPU
		{050CA9F5-6FD9-49E5-AE6B-248F8BC094FC}.Release|Any CPU.ActiveCfg = Release|Any CPU
		{050CA9F5-6FD9-49E5-AE6B-248F8BC094FC}.Release|Any CPU.Build.0 = Release|Any CPU
		{FA7F8B6A-3BA9-4744-9B12-24CC7F53723B}.Debug|Any CPU.ActiveCfg = Debug|Any CPU
		{FA7F8B6A-3BA9-4744-9B12-24CC7F53723B}.Debug|Any CPU.Build.0 = Debug|Any CPU
		{FA7F8B6A-3BA9-4744-9B12-24CC7F53723B}.Release|Any CPU.ActiveCfg = Release|Any CPU
		{FA7F8B6A-3BA9-4744-9B12-24CC7F53723B}.Release|Any CPU.Build.0 = Release|Any CPU
	EndGlobalSection
	GlobalSection(SolutionProperties) = preSolution
		HideSolutionNode = FALSE
	EndGlobalSection
	GlobalSection(ExtensibilityGlobals) = postSolution
		SolutionGuid = {6916FA8E-E3A5-4052-A23B-D432D14C3110}
	EndGlobalSection
EndGlobal
